
Microsoft Visual Studio Solution File, Format Version 12.00
# Visual Studio 15
VisualStudioVersion = 15.0.28010.2016
MinimumVisualStudioVersion = 10.0.40219.1
Project("{FAE04EC0-301F-11D3-BF4B-00C04F79EFBC}") = "Todo.Domain", "Todo.Domain\Todo.Domain.csproj", "{8EB9A9EB-362C-4BD0-9843-A637189D0A6C}"
EndProject
Project("{FAE04EC0-301F-11D3-BF4B-00C04F79EFBC}") = "Todo.Core", "Todo.Core\Todo.Core.csproj", "{70600B19-0659-43CD-9D6C-BBFAD6CD3A38}"
EndProject
Project("{FAE04EC0-301F-11D3-BF4B-00C04F79EFBC}") = "Todo.Common", "Todo.Common\Todo.Common.csproj", "{8C6C7C87-03EF-4010-ADAE-50983D5D9286}"
EndProject
Project("{FAE04EC0-301F-11D3-BF4B-00C04F79EFBC}") = "Todo.WebApi", "Todo.WebApi\Todo.WebApi.csproj", "{34D3A73A-0E5E-4B7C-BA66-2D11F6AEB2CD}"
EndProject
Project("{FAE04EC0-301F-11D3-BF4B-00C04F79EFBC}") = "Todo.Presentation", "Todo.Presentation\Todo.Presentation.csproj", "{7311E41B-2684-4B6E-B351-F2C586AC71FE}"
EndProject
Global
	GlobalSection(SolutionConfigurationPlatforms) = preSolution
		Debug|Any CPU = Debug|Any CPU
		Release|Any CPU = Release|Any CPU
	EndGlobalSection
	GlobalSection(ProjectConfigurationPlatforms) = postSolution
		{8EB9A9EB-362C-4BD0-9843-A637189D0A6C}.Debug|Any CPU.ActiveCfg = Debug|Any CPU
		{8EB9A9EB-362C-4BD0-9843-A637189D0A6C}.Debug|Any CPU.Build.0 = Debug|Any CPU
		{8EB9A9EB-362C-4BD0-9843-A637189D0A6C}.Release|Any CPU.ActiveCfg = Release|Any CPU
		{8EB9A9EB-362C-4BD0-9843-A637189D0A6C}.Release|Any CPU.Build.0 = Release|Any CPU
		{70600B19-0659-43CD-9D6C-BBFAD6CD3A38}.Debug|Any CPU.ActiveCfg = Debug|Any CPU
		{70600B19-0659-43CD-9D6C-BBFAD6CD3A38}.Debug|Any CPU.Build.0 = Debug|Any CPU
		{70600B19-0659-43CD-9D6C-BBFAD6CD3A38}.Release|Any CPU.ActiveCfg = Release|Any CPU
		{70600B19-0659-43CD-9D6C-BBFAD6CD3A38}.Release|Any CPU.Build.0 = Release|Any CPU
		{8C6C7C87-03EF-4010-ADAE-50983D5D9286}.Debug|Any CPU.ActiveCfg = Debug|Any CPU
		{8C6C7C87-03EF-4010-ADAE-50983D5D9286}.Debug|Any CPU.Build.0 = Debug|Any CPU
		{8C6C7C87-03EF-4010-ADAE-50983D5D9286}.Release|Any CPU.ActiveCfg = Release|Any CPU
		{8C6C7C87-03EF-4010-ADAE-50983D5D9286}.Release|Any CPU.Build.0 = Release|Any CPU
		{34D3A73A-0E5E-4B7C-BA66-2D11F6AEB2CD}.Debug|Any CPU.ActiveCfg = Debug|Any CPU
		{34D3A73A-0E5E-4B7C-BA66-2D11F6AEB2CD}.Debug|Any CPU.Build.0 = Debug|Any CPU
		{34D3A73A-0E5E-4B7C-BA66-2D11F6AEB2CD}.Release|Any CPU.ActiveCfg = Release|Any CPU
		{34D3A73A-0E5E-4B7C-BA66-2D11F6AEB2CD}.Release|Any CPU.Build.0 = Release|Any CPU
		{7311E41B-2684-4B6E-B351-F2C586AC71FE}.Debug|Any CPU.ActiveCfg = Debug|Any CPU
		{7311E41B-2684-4B6E-B351-F2C586AC71FE}.Debug|Any CPU.Build.0 = Debug|Any CPU
		{7311E41B-2684-4B6E-B351-F2C586AC71FE}.Release|Any CPU.ActiveCfg = Release|Any CPU
		{7311E41B-2684-4B6E-B351-F2C586AC71FE}.Release|Any CPU.Build.0 = Release|Any CPU
	EndGlobalSection
	GlobalSection(SolutionProperties) = preSolution
		HideSolutionNode = FALSE
	EndGlobalSection
	GlobalSection(ExtensibilityGlobals) = postSolution
		SolutionGuid = {A11A0752-90FD-431C-93BC-ACB9B2617FF3}
	EndGlobalSection
EndGlobal
